
Microsoft Visual Studio Solution File, Format Version 12.00
# Visual Studio 14
VisualStudioVersion = 14.0.25420.1
MinimumVisualStudioVersion = 10.0.40219.1
Project("{FAE04EC0-301F-11D3-BF4B-00C04F79EFBC}") = "HM2Admin", "HM2Admin\HM2Admin.csproj", "{FAF965FD-45CC-487A-9256-680CF5A7D954}"
EndProject
Project("{FAE04EC0-301F-11D3-BF4B-00C04F79EFBC}") = "HM2Admin.Tests", "HM2Admin.Tests\HM2Admin.Tests.csproj", "{B003D48C-2E64-4C60-A422-39DAC3791929}"
EndProject
Project("{2150E333-8FDC-42A3-9474-1A3956D46DE8}") = "BLL", "BLL", "{609A0B5D-100D-4959-8949-8111C06B039A}"
EndProject
Project("{2150E333-8FDC-42A3-9474-1A3956D46DE8}") = "DAL", "DAL", "{F9B4C0BB-CA10-49CD-A864-9AD7FAE606E3}"
EndProject
Project("{2150E333-8FDC-42A3-9474-1A3956D46DE8}") = "Model", "Model", "{D5BE6698-3C54-4CC6-A0AD-D88863C9551B}"
EndProject
Project("{FAE04EC0-301F-11D3-BF4B-00C04F79EFBC}") = "BLL", "BLL\BLL.csproj", "{EC9B7F38-903A-4BB8-84A4-540C0EDC8017}"
EndProject
Project("{FAE04EC0-301F-11D3-BF4B-00C04F79EFBC}") = "IBLL", "IBLL\IBLL.csproj", "{4DAFFEF3-B658-4153-BF07-3EE782457BE2}"
EndProject
Project("{FAE04EC0-301F-11D3-BF4B-00C04F79EFBC}") = "DAL", "DAL\DAL.csproj", "{9BB62FE7-E1F9-439F-AD4E-990DC027373C}"
EndProject
Project("{FAE04EC0-301F-11D3-BF4B-00C04F79EFBC}") = "IDAL", "IDAL\IDAL.csproj", "{6712C13B-B10E-4EA9-A14C-F86CA788876B}"
EndProject
Project("{FAE04EC0-301F-11D3-BF4B-00C04F79EFBC}") = "Model", "Model\Model.csproj", "{4D11262B-B1A6-46BB-9162-47D232713A1A}"
EndProject
Project("{FAE04EC0-301F-11D3-BF4B-00C04F79EFBC}") = "Common", "Common\Common.csproj", "{E1BB7FCF-6F6D-44B1-8859-C5573BDDF829}"
EndProject
Project("{FAE04EC0-301F-11D3-BF4B-00C04F79EFBC}") = "ViewModels", "ViewModels\ViewModels.csproj", "{4E337F09-D6EB-422D-A99D-043532F03D7A}"
EndProject
Global
	GlobalSection(SolutionConfigurationPlatforms) = preSolution
		Debug|Any CPU = Debug|Any CPU
		Release|Any CPU = Release|Any CPU
	EndGlobalSection
	GlobalSection(ProjectConfigurationPlatforms) = postSolution
		{FAF965FD-45CC-487A-9256-680CF5A7D954}.Debug|Any CPU.ActiveCfg = Debug|Any CPU
		{FAF965FD-45CC-487A-9256-680CF5A7D954}.Debug|Any CPU.Build.0 = Debug|Any CPU
		{FAF965FD-45CC-487A-9256-680CF5A7D954}.Release|Any CPU.ActiveCfg = Release|Any CPU
		{FAF965FD-45CC-487A-9256-680CF5A7D954}.Release|Any CPU.Build.0 = Release|Any CPU
		{B003D48C-2E64-4C60-A422-39DAC3791929}.Debug|Any CPU.ActiveCfg = Debug|Any CPU
		{B003D48C-2E64-4C60-A422-39DAC3791929}.Debug|Any CPU.Build.0 = Debug|Any CPU
		{B003D48C-2E64-4C60-A422-39DAC3791929}.Release|Any CPU.ActiveCfg = Release|Any CPU
		{B003D48C-2E64-4C60-A422-39DAC3791929}.Release|Any CPU.Build.0 = Release|Any CPU
		{EC9B7F38-903A-4BB8-84A4-540C0EDC8017}.Debug|Any CPU.ActiveCfg = Debug|Any CPU
		{EC9B7F38-903A-4BB8-84A4-540C0EDC8017}.Debug|Any CPU.Build.0 = Debug|Any CPU
		{EC9B7F38-903A-4BB8-84A4-540C0EDC8017}.Release|Any CPU.ActiveCfg = Release|Any CPU
		{EC9B7F38-903A-4BB8-84A4-540C0EDC8017}.Release|Any CPU.Build.0 = Release|Any CPU
		{4DAFFEF3-B658-4153-BF07-3EE782457BE2}.Debug|Any CPU.ActiveCfg = Debug|Any CPU
		{4DAFFEF3-B658-4153-BF07-3EE782457BE2}.Debug|Any CPU.Build.0 = Debug|Any CPU
		{4DAFFEF3-B658-4153-BF07-3EE782457BE2}.Release|Any CPU.ActiveCfg = Release|Any CPU
		{4DAFFEF3-B658-4153-BF07-3EE782457BE2}.Release|Any CPU.Build.0 = Release|Any CPU
		{9BB62FE7-E1F9-439F-AD4E-990DC027373C}.Debug|Any CPU.ActiveCfg = Debug|Any CPU
		{9BB62FE7-E1F9-439F-AD4E-990DC027373C}.Debug|Any CPU.Build.0 = Debug|Any CPU
		{9BB62FE7-E1F9-439F-AD4E-990DC027373C}.Release|Any CPU.ActiveCfg = Release|Any CPU
		{9BB62FE7-E1F9-439F-AD4E-990DC027373C}.Release|Any CPU.Build.0 = Release|Any CPU
		{6712C13B-B10E-4EA9-A14C-F86CA788876B}.Debug|Any CPU.ActiveCfg = Debug|Any CPU
		{6712C13B-B10E-4EA9-A14C-F86CA788876B}.Debug|Any CPU.Build.0 = Debug|Any CPU
		{6712C13B-B10E-4EA9-A14C-F86CA788876B}.Release|Any CPU.ActiveCfg = Release|Any CPU
		{6712C13B-B10E-4EA9-A14C-F86CA788876B}.Release|Any CPU.Build.0 = Release|Any CPU
		{4D11262B-B1A6-46BB-9162-47D232713A1A}.Debug|Any CPU.ActiveCfg = Debug|Any CPU
		{4D11262B-B1A6-46BB-9162-47D232713A1A}.Debug|Any CPU.Build.0 = Debug|Any CPU
		{4D11262B-B1A6-46BB-9162-47D232713A1A}.Release|Any CPU.ActiveCfg = Release|Any CPU
		{4D11262B-B1A6-46BB-9162-47D232713A1A}.Release|Any CPU.Build.0 = Release|Any CPU
		{E1BB7FCF-6F6D-44B1-8859-C5573BDDF829}.Debug|Any CPU.ActiveCfg = Debug|Any CPU
		{E1BB7FCF-6F6D-44B1-8859-C5573BDDF829}.Debug|Any CPU.Build.0 = Debug|Any CPU
		{E1BB7FCF-6F6D-44B1-8859-C5573BDDF829}.Release|Any CPU.ActiveCfg = Release|Any CPU
		{E1BB7FCF-6F6D-44B1-8859-C5573BDDF829}.Release|Any CPU.Build.0 = Release|Any CPU
		{4E337F09-D6EB-422D-A99D-043532F03D7A}.Debug|Any CPU.ActiveCfg = Debug|Any CPU
		{4E337F09-D6EB-422D-A99D-043532F03D7A}.Debug|Any CPU.Build.0 = Debug|Any CPU
		{4E337F09-D6EB-422D-A99D-043532F03D7A}.Release|Any CPU.ActiveCfg = Release|Any CPU
		{4E337F09-D6EB-422D-A99D-043532F03D7A}.Release|Any CPU.Build.0 = Release|Any CPU
	EndGlobalSection
	GlobalSection(SolutionProperties) = preSolution
		HideSolutionNode = FALSE
	EndGlobalSection
	GlobalSection(NestedProjects) = preSolution
		{EC9B7F38-903A-4BB8-84A4-540C0EDC8017} = {609A0B5D-100D-4959-8949-8111C06B039A}
		{4DAFFEF3-B658-4153-BF07-3EE782457BE2} = {609A0B5D-100D-4959-8949-8111C06B039A}
		{9BB62FE7-E1F9-439F-AD4E-990DC027373C} = {F9B4C0BB-CA10-49CD-A864-9AD7FAE606E3}
		{6712C13B-B10E-4EA9-A14C-F86CA788876B} = {F9B4C0BB-CA10-49CD-A864-9AD7FAE606E3}
		{4D11262B-B1A6-46BB-9162-47D232713A1A} = {D5BE6698-3C54-4CC6-A0AD-D88863C9551B}
		{4E337F09-D6EB-422D-A99D-043532F03D7A} = {D5BE6698-3C54-4CC6-A0AD-D88863C9551B}
	EndGlobalSection
EndGlobal
